
Microsoft Visual Studio Solution File, Format Version 12.00
# Visual Studio Version 17
VisualStudioVersion = 17.9.34616.47
MinimumVisualStudioVersion = 10.0.40219.1
Project("{8BC9CEB8-8B4A-11D0-8D11-00A0C91BC942}") = "polimorpi.cpp", "ParadigmaOOPPart2_D\ParadigmaOOPPart2_D.vcxproj", "{2B5387B9-1DD7-4B96-A87F-628A760B12C8}"
EndProject
Project("{8BC9CEB8-8B4A-11D0-8D11-00A0C91BC942}") = "noOverriding", "noOverriding\noOverriding.vcxproj", "{8CDE350C-5F13-4D30-97DE-37EA2ADC5518}"
EndProject
Project("{8BC9CEB8-8B4A-11D0-8D11-00A0C91BC942}") = "noPewarisan", "noPewarisan\noPewarisan.vcxproj", "{3CB7D3ED-63AB-42E9-93B9-353F5669847E}"
EndProject
Project("{8BC9CEB8-8B4A-11D0-8D11-00A0C91BC942}") = "enkapsulasi", "enkapsulasi\enkapsulasi.vcxproj", "{CE3C82FE-ACF7-4435-9664-DD4329D45AE4}"
EndProject
Project("{8BC9CEB8-8B4A-11D0-8D11-00A0C91BC942}") = "abstraksi", "abstraksi\abstraksi.vcxproj", "{C8308C86-C20D-4097-B46F-E697390A7F0C}"
EndProject
Global
	GlobalSection(SolutionConfigurationPlatforms) = preSolution
		Debug|x64 = Debug|x64
		Debug|x86 = Debug|x86
		Release|x64 = Release|x64
		Release|x86 = Release|x86
	EndGlobalSection
	GlobalSection(ProjectConfigurationPlatforms) = postSolution
		{2B5387B9-1DD7-4B96-A87F-628A760B12C8}.Debug|x64.ActiveCfg = Debug|x64
		{2B5387B9-1DD7-4B96-A87F-628A760B12C8}.Debug|x64.Build.0 = Debug|x64
		{2B5387B9-1DD7-4B96-A87F-628A760B12C8}.Debug|x86.ActiveCfg = Debug|Win32
		{2B5387B9-1DD7-4B96-A87F-628A760B12C8}.Debug|x86.Build.0 = Debug|Win32
		{2B5387B9-1DD7-4B96-A87F-628A760B12C8}.Release|x64.ActiveCfg = Release|x64
		{2B5387B9-1DD7-4B96-A87F-628A760B12C8}.Release|x64.Build.0 = Release|x64
		{2B5387B9-1DD7-4B96-A87F-628A760B12C8}.Release|x86.ActiveCfg = Release|Win32
		{2B5387B9-1DD7-4B96-A87F-628A760B12C8}.Release|x86.Build.0 = Release|Win32
		{8CDE350C-5F13-4D30-97DE-37EA2ADC5518}.Debug|x64.ActiveCfg = Debug|x64
		{8CDE350C-5F13-4D30-97DE-37EA2ADC5518}.Debug|x64.Build.0 = Debug|x64
		{8CDE350C-5F13-4D30-97DE-37EA2ADC5518}.Debug|x86.ActiveCfg = Debug|Win32
		{8CDE350C-5F13-4D30-97DE-37EA2ADC5518}.Debug|x86.Build.0 = Debug|Win32
		{8CDE350C-5F13-4D30-97DE-37EA2ADC5518}.Release|x64.ActiveCfg = Release|x64
		{8CDE350C-5F13-4D30-97DE-37EA2ADC5518}.Release|x64.Build.0 = Release|x64
		{8CDE350C-5F13-4D30-97DE-37EA2ADC5518}.Release|x86.ActiveCfg = Release|Win32
		{8CDE350C-5F13-4D30-97DE-37EA2ADC5518}.Release|x86.Build.0 = Release|Win32
		{3CB7D3ED-63AB-42E9-93B9-353F5669847E}.Debug|x64.ActiveCfg = Debug|x64
		{3CB7D3ED-63AB-42E9-93B9-353F5669847E}.Debug|x64.Build.0 = Debug|x64
		{3CB7D3ED-63AB-42E9-93B9-353F5669847E}.Debug|x86.ActiveCfg = Debug|Win32
		{3CB7D3ED-63AB-42E9-93B9-353F5669847E}.Debug|x86.Build.0 = Debug|Win32
		{3CB7D3ED-63AB-42E9-93B9-353F5669847E}.Release|x64.ActiveCfg = Release|x64
		{3CB7D3ED-63AB-42E9-93B9-353F5669847E}.Release|x64.Build.0 = Release|x64
		{3CB7D3ED-63AB-42E9-93B9-353F5669847E}.Release|x86.ActiveCfg = Release|Win32
		{3CB7D3ED-63AB-42E9-93B9-353F5669847E}.Release|x86.Build.0 = Release|Win32
		{CE3C82FE-ACF7-4435-9664-DD4329D45AE4}.Debug|x64.ActiveCfg = Debug|x64
		{CE3C82FE-ACF7-4435-9664-DD4329D45AE4}.Debug|x64.Build.0 = Debug|x64
		{CE3C82FE-ACF7-4435-9664-DD4329D45AE4}.Debug|x86.ActiveCfg = Debug|Win32
		{CE3C82FE-ACF7-4435-9664-DD4329D45AE4}.Debug|x86.Build.0 = Debug|Win32
		{CE3C82FE-ACF7-4435-9664-DD4329D45AE4}.Release|x64.ActiveCfg = Release|x64
		{CE3C82FE-ACF7-4435-9664-DD4329D45AE4}.Release|x64.Build.0 = Release|x64
		{CE3C82FE-ACF7-4435-9664-DD4329D45AE4}.Release|x86.ActiveCfg = Release|Win32
		{CE3C82FE-ACF7-4435-9664-DD4329D45AE4}.Release|x86.Build.0 = Release|Win32
		{C8308C86-C20D-4097-B46F-E697390A7F0C}.Debug|x64.ActiveCfg = Debug|x64
		{C8308C86-C20D-4097-B46F-E697390A7F0C}.Debug|x64.Build.0 = Debug|x64
		{C8308C86-C20D-4097-B46F-E697390A7F0C}.Debug|x86.ActiveCfg = Debug|Win32
		{C8308C86-C20D-4097-B46F-E697390A7F0C}.Debug|x86.Build.0 = Debug|Win32
		{C8308C86-C20D-4097-B46F-E697390A7F0C}.Release|x64.ActiveCfg = Release|x64
		{C8308C86-C20D-4097-B46F-E697390A7F0C}.Release|x64.Build.0 = Release|x64
		{C8308C86-C20D-4097-B46F-E697390A7F0C}.Release|x86.ActiveCfg = Release|Win32
		{C8308C86-C20D-4097-B46F-E697390A7F0C}.Release|x86.Build.0 = Release|Win32
	EndGlobalSection
	GlobalSection(SolutionProperties) = preSolution
		HideSolutionNode = FALSE
	EndGlobalSection
	GlobalSection(ExtensibilityGlobals) = postSolution
		SolutionGuid = {A01AB6CB-0112-45B1-A250-7F8498984E32}
	EndGlobalSection
EndGlobal
